
Microsoft Visual Studio Solution File, Format Version 12.00
# Visual Studio Version 17
VisualStudioVersion = 17.7.34031.279
MinimumVisualStudioVersion = 10.0.40219.1
Project("{FAE04EC0-301F-11D3-BF4B-00C04F79EFBC}") = "ConsoleApp1", "ConsoleApp1\ConsoleApp1.csproj", "{BB03069B-6D41-4D1A-A9E0-D73269C303EA}"
EndProject
Global
	GlobalSection(SolutionConfigurationPlatforms) = preSolution
		Debug|Any CPU = Debug|Any CPU
		Release|Any CPU = Release|Any CPU
	EndGlobalSection
	GlobalSection(ProjectConfigurationPlatforms) = postSolution
		{BB03069B-6D41-4D1A-A9E0-D73269C303EA}.Debug|Any CPU.ActiveCfg = Debug|Any CPU
		{BB03069B-6D41-4D1A-A9E0-D73269C303EA}.Debug|Any CPU.Build.0 = Debug|Any CPU
		{BB03069B-6D41-4D1A-A9E0-D73269C303EA}.Release|Any CPU.ActiveCfg = Release|Any CPU
		{BB03069B-6D41-4D1A-A9E0-D73269C303EA}.Release|Any CPU.Build.0 = Release|Any CPU
	EndGlobalSection
	GlobalSection(SolutionProperties) = preSolution
		HideSolutionNode = FALSE
	EndGlobalSection
	GlobalSection(ExtensibilityGlobals) = postSolution
		SolutionGuid = {5DD2608F-F144-41A6-A27F-98D14C36A78F}
	EndGlobalSection
EndGlobal
